
Microsoft Visual Studio Solution File, Format Version 12.00
# Visual Studio Version 16
VisualStudioVersion = 16.0.34301.259
MinimumVisualStudioVersion = 10.0.40219.1
Project("{8BC9CEB8-8B4A-11D0-8D11-00A0C91BC942}") = "App", "app\App.vcxproj", "{99FC1769-3129-4864-B4C2-68EA68A9D0DB}"
EndProject
Global
	GlobalSection(SolutionConfigurationPlatforms) = preSolution
		Debug|x64 = Debug|x64
		Debug|x86 = Debug|x86
		Release|x64 = Release|x64
		Release|x86 = Release|x86
	EndGlobalSection
	GlobalSection(ProjectConfigurationPlatforms) = postSolution
		{99FC1769-3129-4864-B4C2-68EA68A9D0DB}.Debug|x64.ActiveCfg = Debug|x64
		{99FC1769-3129-4864-B4C2-68EA68A9D0DB}.Debug|x64.Build.0 = Debug|x64
		{99FC1769-3129-4864-B4C2-68EA68A9D0DB}.Debug|x86.ActiveCfg = Debug|Win32
		{99FC1769-3129-4864-B4C2-68EA68A9D0DB}.Debug|x86.Build.0 = Debug|Win32
		{99FC1769-3129-4864-B4C2-68EA68A9D0DB}.Release|x64.ActiveCfg = Release|x64
		{99FC1769-3129-4864-B4C2-68EA68A9D0DB}.Release|x64.Build.0 = Release|x64
		{99FC1769-3129-4864-B4C2-68EA68A9D0DB}.Release|x86.ActiveCfg = Release|Win32
		{99FC1769-3129-4864-B4C2-68EA68A9D0DB}.Release|x86.Build.0 = Release|Win32
	EndGlobalSection
	GlobalSection(SolutionProperties) = preSolution
		HideSolutionNode = FALSE
	EndGlobalSection
	GlobalSection(ExtensibilityGlobals) = postSolution
		SolutionGuid = {3FC1FF1A-BC1C-4BC8-B761-7DE560FB76BE}
	EndGlobalSection
EndGlobal
