<?xml version="1.0" encoding="utf-8"?>
<Project ToolsVersion="4.0" xmlns="http://schemas.microsoft.com/developer/msbuild/2003">
  <ItemGroup>
    <Filter Include="blend2d_winapi">
      <UniqueIdentifier>{c79a44e4-92e2-414d-8d99-b51ec5b14cc0}</UniqueIdentifier>
    </Filter>
    <Filter Include="win32">
      <UniqueIdentifier>{11f60454-3906-49e9-81f4-ea89ffde3402}</UniqueIdentifier>
    </Filter>
    <Filter Include="win32\헤더 파일">
      <UniqueIdentifier>{93995380-89BD-4b04-88EB-625FBE52EBFB}</UniqueIdentifier>
      <Extensions>h;hh;hpp;hxx;h++;hm;inl;inc;ipp;xsd</Extensions>
    </Filter>
    <Filter Include="win32\리소스 파일">
      <UniqueIdentifier>{67DA6AB6-F800-4c08-8B7A-83BB121AAD01}</UniqueIdentifier>
      <Extensions>rc;ico;cur;bmp;dlg;rc2;rct;bin;rgs;gif;jpg;jpeg;jpe;resx;tiff;tif;png;wav;mfcribbon-ms</Extensions>
    </Filter>
    <Filter Include="win32\소스 파일">
      <UniqueIdentifier>{4FC737F1-C7A5-4376-A066-2A32D752A2FF}</UniqueIdentifier>
      <Extensions>cpp;c;cc;cxx;c++;cppm;ixx;def;odl;idl;hpj;bat;asm;asmx</Extensions>
    </Filter>
  </ItemGroup>
  <ItemGroup>
    <ClInclude Include="framework.h">
      <Filter>win32\헤더 파일</Filter>
    </ClInclude>
    <ClInclude Include="targetver.h">
      <Filter>win32\헤더 파일</Filter>
    </ClInclude>
    <ClInclude Include="Resource.h">
      <Filter>win32\헤더 파일</Filter>
    </ClInclude>
    <ClInclude Include="App.h">
      <Filter>win32\헤더 파일</Filter>
    </ClInclude>
    <ClInclude Include="blend2d_winapi\blend2d_winapi.hpp">
      <Filter>blend2d_winapi</Filter>
    </ClInclude>
  </ItemGroup>
  <ItemGroup>
    <ClCompile Include="App.cpp">
      <Filter>win32\소스 파일</Filter>
    </ClCompile>
    <ClCompile Include="blend2d_winapi\blend2d_winapi.cpp">
      <Filter>blend2d_winapi</Filter>
    </ClCompile>
  </ItemGroup>
  <ItemGroup>
    <ResourceCompile Include="App.rc">
      <Filter>win32\리소스 파일</Filter>
    </ResourceCompile>
  </ItemGroup>
  <ItemGroup>
    <Image Include="small.ico">
      <Filter>win32\리소스 파일</Filter>
    </Image>
    <Image Include="App.ico">
      <Filter>win32\리소스 파일</Filter>
    </Image>
  </ItemGroup>
</Project>